
Microsoft Visual Studio Solution File, Format Version 12.00
# Visual Studio Version 17
VisualStudioVersion = 17.0.32112.339
MinimumVisualStudioVersion = 10.0.40219.1
Project("{FAE04EC0-301F-11D3-BF4B-00C04F79EFBC}") = "VowelAndConsonantsVerification", "VowelAndConsonantsVerification\VowelAndConsonantsVerification.csproj", "{A9162E27-D7F4-4967-8873-984404CD7242}"
EndProject
Global
	GlobalSection(SolutionConfigurationPlatforms) = preSolution
		Debug|Any CPU = Debug|Any CPU
		Release|Any CPU = Release|Any CPU
	EndGlobalSection
	GlobalSection(ProjectConfigurationPlatforms) = postSolution
		{A9162E27-D7F4-4967-8873-984404CD7242}.Debug|Any CPU.ActiveCfg = Debug|Any CPU
		{A9162E27-D7F4-4967-8873-984404CD7242}.Debug|Any CPU.Build.0 = Debug|Any CPU
		{A9162E27-D7F4-4967-8873-984404CD7242}.Release|Any CPU.ActiveCfg = Release|Any CPU
		{A9162E27-D7F4-4967-8873-984404CD7242}.Release|Any CPU.Build.0 = Release|Any CPU
	EndGlobalSection
	GlobalSection(SolutionProperties) = preSolution
		HideSolutionNode = FALSE
	EndGlobalSection
	GlobalSection(ExtensibilityGlobals) = postSolution
		SolutionGuid = {71E088CB-E93E-4792-837B-2EA1ADA91CA6}
	EndGlobalSection
EndGlobal
